// !$*UTF8*$!
{
	archiveVersion = 1;
	classes = {
	};
	objectVersion = 56;
	objects = {

/* Begin PBXBuildFile section */
		A51E8E182C0A838700840C83 /* AppDelegate.swift in Sources */ = {isa = PBXBuildFile; fileRef = A51E8E172C0A838700840C83 /* AppDelegate.swift */; };
		A51E8E1A2C0A838700840C83 /* SceneDelegate.swift in Sources */ = {isa = PBXBuildFile; fileRef = A51E8E192C0A838700840C83 /* SceneDelegate.swift */; };
		A51E8E1C2C0A838700840C83 /* ViewController.swift in Sources */ = {isa = PBXBuildFile; fileRef = A51E8E1B2C0A838700840C83 /* ViewController.swift */; };
		A51E8E222C0A838700840C83 /* CostTrackerTestTask.xcdatamodeld in Sources */ = {isa = PBXBuildFile; fileRef = A51E8E202C0A838700840C83 /* CostTrackerTestTask.xcdatamodeld */; };
		A51E8E242C0A838800840C83 /* Assets.xcassets in Resources */ = {isa = PBXBuildFile; fileRef = A51E8E232C0A838800840C83 /* Assets.xcassets */; };
		A51E8E342C0A8E6100840C83 /* ApiResponse.swift in Sources */ = {isa = PBXBuildFile; fileRef = A51E8E332C0A8E6100840C83 /* ApiResponse.swift */; };
		A51E8E372C0B094900840C83 /* ApiErrors.swift in Sources */ = {isa = PBXBuildFile; fileRef = A51E8E362C0B094900840C83 /* ApiErrors.swift */; };
		A51E8E392C0B162700840C83 /* BitcoinView.swift in Sources */ = {isa = PBXBuildFile; fileRef = A51E8E382C0B162700840C83 /* BitcoinView.swift */; };
		A51E8E3B2C0B1DD000840C83 /* BitcoinViewController.swift in Sources */ = {isa = PBXBuildFile; fileRef = A51E8E3A2C0B1DD000840C83 /* BitcoinViewController.swift */; };
		A51E8E3E2C0BDE1100840C83 /* AddTransactionViewController.swift in Sources */ = {isa = PBXBuildFile; fileRef = A51E8E3D2C0BDE1100840C83 /* AddTransactionViewController.swift */; };
		A51E8E432C0C8FEE00840C83 /* ApiBitcoinManager.swift in Sources */ = {isa = PBXBuildFile; fileRef = A51E8E422C0C8FEE00840C83 /* ApiBitcoinManager.swift */; };
		A51E8E472C0CA17A00840C83 /* Category.swift in Sources */ = {isa = PBXBuildFile; fileRef = A51E8E462C0CA17A00840C83 /* Category.swift */; };
/* End PBXBuildFile section */

/* Begin PBXFileReference section */
		A51E8E142C0A838700840C83 /* CostTrackerTestTask.app */ = {isa = PBXFileReference; explicitFileType = wrapper.application; includeInIndex = 0; path = CostTrackerTestTask.app; sourceTree = BUILT_PRODUCTS_DIR; };
		A51E8E172C0A838700840C83 /* AppDelegate.swift */ = {isa = PBXFileReference; lastKnownFileType = sourcecode.swift; path = AppDelegate.swift; sourceTree = "<group>"; };
		A51E8E192C0A838700840C83 /* SceneDelegate.swift */ = {isa = PBXFileReference; lastKnownFileType = sourcecode.swift; path = SceneDelegate.swift; sourceTree = "<group>"; };
		A51E8E1B2C0A838700840C83 /* ViewController.swift */ = {isa = PBXFileReference; lastKnownFileType = sourcecode.swift; path = ViewController.swift; sourceTree = "<group>"; };
		A51E8E212C0A838700840C83 /* CostTrackerTestTask.xcdatamodel */ = {isa = PBXFileReference; lastKnownFileType = wrapper.xcdatamodel; path = CostTrackerTestTask.xcdatamodel; sourceTree = "<group>"; };
		A51E8E232C0A838800840C83 /* Assets.xcassets */ = {isa = PBXFileReference; lastKnownFileType = folder.assetcatalog; path = Assets.xcassets; sourceTree = "<group>"; };
		A51E8E282C0A838800840C83 /* Info.plist */ = {isa = PBXFileReference; lastKnownFileType = text.plist.xml; path = Info.plist; sourceTree = "<group>"; };
		A51E8E332C0A8E6100840C83 /* ApiResponse.swift */ = {isa = PBXFileReference; lastKnownFileType = sourcecode.swift; path = ApiResponse.swift; sourceTree = "<group>"; };
		A51E8E362C0B094900840C83 /* ApiErrors.swift */ = {isa = PBXFileReference; lastKnownFileType = sourcecode.swift; path = ApiErrors.swift; sourceTree = "<group>"; };
		A51E8E382C0B162700840C83 /* BitcoinView.swift */ = {isa = PBXFileReference; lastKnownFileType = sourcecode.swift; path = BitcoinView.swift; sourceTree = "<group>"; };
		A51E8E3A2C0B1DD000840C83 /* BitcoinViewController.swift */ = {isa = PBXFileReference; lastKnownFileType = sourcecode.swift; path = BitcoinViewController.swift; sourceTree = "<group>"; };
		A51E8E3D2C0BDE1100840C83 /* AddTransactionViewController.swift */ = {isa = PBXFileReference; lastKnownFileType = sourcecode.swift; path = AddTransactionViewController.swift; sourceTree = "<group>"; };
		A51E8E422C0C8FEE00840C83 /* ApiBitcoinManager.swift */ = {isa = PBXFileReference; fileEncoding = 4; lastKnownFileType = sourcecode.swift; path = ApiBitcoinManager.swift; sourceTree = "<group>"; };
		A51E8E462C0CA17A00840C83 /* Category.swift */ = {isa = PBXFileReference; lastKnownFileType = sourcecode.swift; path = Category.swift; sourceTree = "<group>"; };
/* End PBXFileReference section */

/* Begin PBXFrameworksBuildPhase section */
		A51E8E112C0A838700840C83 /* Frameworks */ = {
			isa = PBXFrameworksBuildPhase;
			buildActionMask = 2147483647;
			files = (
			);
			runOnlyForDeploymentPostprocessing = 0;
		};
/* End PBXFrameworksBuildPhase section */

/* Begin PBXGroup section */
		A51E8E0B2C0A838700840C83 = {
			isa = PBXGroup;
			children = (
				A51E8E162C0A838700840C83 /* CostTrackerTestTask */,
				A51E8E152C0A838700840C83 /* Products */,
			);
			sourceTree = "<group>";
		};
		A51E8E152C0A838700840C83 /* Products */ = {
			isa = PBXGroup;
			children = (
				A51E8E142C0A838700840C83 /* CostTrackerTestTask.app */,
			);
			name = Products;
			sourceTree = "<group>";
		};
		A51E8E162C0A838700840C83 /* CostTrackerTestTask */ = {
			isa = PBXGroup;
			children = (
				A51E8E352C0B093800840C83 /* Errors */,
				A51E8E322C0A8E5700840C83 /* Models */,
				A51E8E2F2C0A8D1200840C83 /* Utilities */,
				A51E8E3C2C0B37D200840C83 /* ViewController */,
				A51E8E2E2C0A8AB000840C83 /* Views */,
				A51E8E172C0A838700840C83 /* AppDelegate.swift */,
				A51E8E192C0A838700840C83 /* SceneDelegate.swift */,
				A51E8E1B2C0A838700840C83 /* ViewController.swift */,
				A51E8E232C0A838800840C83 /* Assets.xcassets */,
				A51E8E282C0A838800840C83 /* Info.plist */,
				A51E8E202C0A838700840C83 /* CostTrackerTestTask.xcdatamodeld */,
			);
			path = CostTrackerTestTask;
			sourceTree = "<group>";
		};
		A51E8E2E2C0A8AB000840C83 /* Views */ = {
			isa = PBXGroup;
			children = (
				A51E8E382C0B162700840C83 /* BitcoinView.swift */,
			);
			path = Views;
			sourceTree = "<group>";
		};
		A51E8E2F2C0A8D1200840C83 /* Utilities */ = {
			isa = PBXGroup;
			children = (
				A51E8E422C0C8FEE00840C83 /* ApiBitcoinManager.swift */,
			);
			path = Utilities;
			sourceTree = "<group>";
		};
		A51E8E322C0A8E5700840C83 /* Models */ = {
			isa = PBXGroup;
			children = (
				A51E8E332C0A8E6100840C83 /* ApiResponse.swift */,
				A51E8E462C0CA17A00840C83 /* Category.swift */,
			);
			path = Models;
			sourceTree = "<group>";
		};
		A51E8E352C0B093800840C83 /* Errors */ = {
			isa = PBXGroup;
			children = (
				A51E8E362C0B094900840C83 /* ApiErrors.swift */,
			);
			path = Errors;
			sourceTree = "<group>";
		};
		A51E8E3C2C0B37D200840C83 /* ViewController */ = {
			isa = PBXGroup;
			children = (
				A51E8E3A2C0B1DD000840C83 /* BitcoinViewController.swift */,
				A51E8E3D2C0BDE1100840C83 /* AddTransactionViewController.swift */,
			);
			path = ViewController;
			sourceTree = "<group>";
		};
/* End PBXGroup section */

/* Begin PBXNativeTarget section */
		A51E8E132C0A838700840C83 /* CostTrackerTestTask */ = {
			isa = PBXNativeTarget;
			buildConfigurationList = A51E8E2B2C0A838800840C83 /* Build configuration list for PBXNativeTarget "CostTrackerTestTask" */;
			buildPhases = (
				A51E8E102C0A838700840C83 /* Sources */,
				A51E8E112C0A838700840C83 /* Frameworks */,
				A51E8E122C0A838700840C83 /* Resources */,
			);
			buildRules = (
			);
			dependencies = (
			);
			name = CostTrackerTestTask;
			productName = CostTrackerTestTask;
			productReference = A51E8E142C0A838700840C83 /* CostTrackerTestTask.app */;
			productType = "com.apple.product-type.application";
		};
/* End PBXNativeTarget section */

/* Begin PBXProject section */
		A51E8E0C2C0A838700840C83 /* Project object */ = {
			isa = PBXProject;
			attributes = {
				BuildIndependentTargetsInParallel = 1;
				LastSwiftUpdateCheck = 1540;
				LastUpgradeCheck = 1540;
				TargetAttributes = {
					A51E8E132C0A838700840C83 = {
						CreatedOnToolsVersion = 15.4;
					};
				};
			};
			buildConfigurationList = A51E8E0F2C0A838700840C83 /* Build configuration list for PBXProject "CostTrackerTestTask" */;
			compatibilityVersion = "Xcode 14.0";
			developmentRegion = en;
			hasScannedForEncodings = 0;
			knownRegions = (
				en,
				Base,
			);
			mainGroup = A51E8E0B2C0A838700840C83;
			productRefGroup = A51E8E152C0A838700840C83 /* Products */;
			projectDirPath = "";
			projectRoot = "";
			targets = (
				A51E8E132C0A838700840C83 /* CostTrackerTestTask */,
			);
		};
/* End PBXProject section */

/* Begin PBXResourcesBuildPhase section */
		A51E8E122C0A838700840C83 /* Resources */ = {
			isa = PBXResourcesBuildPhase;
			buildActionMask = 2147483647;
			files = (
				A51E8E242C0A838800840C83 /* Assets.xcassets in Resources */,
			);
			runOnlyForDeploymentPostprocessing = 0;
		};
/* End PBXResourcesBuildPhase section */

/* Begin PBXSourcesBuildPhase section */
		A51E8E102C0A838700840C83 /* Sources */ = {
			isa = PBXSourcesBuildPhase;
			buildActionMask = 2147483647;
			files = (
				A51E8E372C0B094900840C83 /* ApiErrors.swift in Sources */,
				A51E8E222C0A838700840C83 /* CostTrackerTestTask.xcdatamodeld in Sources */,
				A51E8E1C2C0A838700840C83 /* ViewController.swift in Sources */,
				A51E8E3B2C0B1DD000840C83 /* BitcoinViewController.swift in Sources */,
				A51E8E342C0A8E6100840C83 /* ApiResponse.swift in Sources */,
				A51E8E432C0C8FEE00840C83 /* ApiBitcoinManager.swift in Sources */,
				A51E8E182C0A838700840C83 /* AppDelegate.swift in Sources */,
				A51E8E3E2C0BDE1100840C83 /* AddTransactionViewController.swift in Sources */,
				A51E8E1A2C0A838700840C83 /* SceneDelegate.swift in Sources */,
				A51E8E392C0B162700840C83 /* BitcoinView.swift in Sources */,
				A51E8E472C0CA17A00840C83 /* Category.swift in Sources */,
			);
			runOnlyForDeploymentPostprocessing = 0;
		};
/* End PBXSourcesBuildPhase section */

/* Begin XCBuildConfiguration section */
		A51E8E292C0A838800840C83 /* Debug */ = {
			isa = XCBuildConfiguration;
			buildSettings = {
				ALWAYS_SEARCH_USER_PATHS = NO;
				ASSETCATALOG_COMPILER_GENERATE_SWIFT_ASSET_SYMBOL_EXTENSIONS = YES;
				CLANG_ANALYZER_NONNULL = YES;
				CLANG_ANALYZER_NUMBER_OBJECT_CONVERSION = YES_AGGRESSIVE;
				CLANG_CXX_LANGUAGE_STANDARD = "gnu++20";
				CLANG_ENABLE_MODULES = YES;
				CLANG_ENABLE_OBJC_ARC = YES;
				CLANG_ENABLE_OBJC_WEAK = YES;
				CLANG_WARN_BLOCK_CAPTURE_AUTORELEASING = YES;
				CLANG_WARN_BOOL_CONVERSION = YES;
				CLANG_WARN_COMMA = YES;
				CLANG_WARN_CONSTANT_CONVERSION = YES;
				CLANG_WARN_DEPRECATED_OBJC_IMPLEMENTATIONS = YES;
				CLANG_WARN_DIRECT_OBJC_ISA_USAGE = YES_ERROR;
				CLANG_WARN_DOCUMENTATION_COMMENTS = YES;
				CLANG_WARN_EMPTY_BODY = YES;
				CLANG_WARN_ENUM_CONVERSION = YES;
				CLANG_WARN_INFINITE_RECURSION = YES;
				CLANG_WARN_INT_CONVERSION = YES;
				CLANG_WARN_NON_LITERAL_NULL_CONVERSION = YES;
				CLANG_WARN_OBJC_IMPLICIT_RETAIN_SELF = YES;
				CLANG_WARN_OBJC_LITERAL_CONVERSION = YES;
				CLANG_WARN_OBJC_ROOT_CLASS = YES_ERROR;
				CLANG_WARN_QUOTED_INCLUDE_IN_FRAMEWORK_HEADER = YES;
				CLANG_WARN_RANGE_LOOP_ANALYSIS = YES;
				CLANG_WARN_STRICT_PROTOTYPES = YES;
				CLANG_WARN_SUSPICIOUS_MOVE = YES;
				CLANG_WARN_UNGUARDED_AVAILABILITY = YES_AGGRESSIVE;
				CLANG_WARN_UNREACHABLE_CODE = YES;
				CLANG_WARN__DUPLICATE_METHOD_MATCH = YES;
				COPY_PHASE_STRIP = NO;
				DEBUG_INFORMATION_FORMAT = dwarf;
				ENABLE_STRICT_OBJC_MSGSEND = YES;
				ENABLE_TESTABILITY = YES;
				ENABLE_USER_SCRIPT_SANDBOXING = YES;
				GCC_C_LANGUAGE_STANDARD = gnu17;
				GCC_DYNAMIC_NO_PIC = NO;
				GCC_NO_COMMON_BLOCKS = YES;
				GCC_OPTIMIZATION_LEVEL = 0;
				GCC_PREPROCESSOR_DEFINITIONS = (
					"DEBUG=1",
					"$(inherited)",
				);
				GCC_WARN_64_TO_32_BIT_CONVERSION = YES;
				GCC_WARN_ABOUT_RETURN_TYPE = YES_ERROR;
				GCC_WARN_UNDECLARED_SELECTOR = YES;
				GCC_WARN_UNINITIALIZED_AUTOS = YES_AGGRESSIVE;
				GCC_WARN_UNUSED_FUNCTION = YES;
				GCC_WARN_UNUSED_VARIABLE = YES;
				IPHONEOS_DEPLOYMENT_TARGET = 17.5;
				LOCALIZATION_PREFERS_STRING_CATALOGS = YES;
				MTL_ENABLE_DEBUG_INFO = INCLUDE_SOURCE;
				MTL_FAST_MATH = YES;
				ONLY_ACTIVE_ARCH = YES;
				SDKROOT = iphoneos;
				SWIFT_ACTIVE_COMPILATION_CONDITIONS = "DEBUG $(inherited)";
				SWIFT_OPTIMIZATION_LEVEL = "-Onone";
			};
			name = Debug;
		};
		A51E8E2A2C0A838800840C83 /* Release */ = {
			isa = XCBuildConfiguration;
			buildSettings = {
				ALWAYS_SEARCH_USER_PATHS = NO;
				ASSETCATALOG_COMPILER_GENERATE_SWIFT_ASSET_SYMBOL_EXTENSIONS = YES;
				CLANG_ANALYZER_NONNULL = YES;
				CLANG_ANALYZER_NUMBER_OBJECT_CONVERSION = YES_AGGRESSIVE;
				CLANG_CXX_LANGUAGE_STANDARD = "gnu++20";
				CLANG_ENABLE_MODULES = YES;
				CLANG_ENABLE_OBJC_ARC = YES;
				CLANG_ENABLE_OBJC_WEAK = YES;
				CLANG_WARN_BLOCK_CAPTURE_AUTORELEASING = YES;
				CLANG_WARN_BOOL_CONVERSION = YES;
				CLANG_WARN_COMMA = YES;
				CLANG_WARN_CONSTANT_CONVERSION = YES;
				CLANG_WARN_DEPRECATED_OBJC_IMPLEMENTATIONS = YES;
				CLANG_WARN_DIRECT_OBJC_ISA_USAGE = YES_ERROR;
				CLANG_WARN_DOCUMENTATION_COMMENTS = YES;
				CLANG_WARN_EMPTY_BODY = YES;
				CLANG_WARN_ENUM_CONVERSION = YES;
				CLANG_WARN_INFINITE_RECURSION = YES;
				CLANG_WARN_INT_CONVERSION = YES;
				CLANG_WARN_NON_LITERAL_NULL_CONVERSION = YES;
				CLANG_WARN_OBJC_IMPLICIT_RETAIN_SELF = YES;
				CLANG_WARN_OBJC_LITERAL_CONVERSION = YES;
				CLANG_WARN_OBJC_ROOT_CLASS = YES_ERROR;
				CLANG_WARN_QUOTED_INCLUDE_IN_FRAMEWORK_HEADER = YES;
				CLANG_WARN_RANGE_LOOP_ANALYSIS = YES;
				CLANG_WARN_STRICT_PROTOTYPES = YES;
				CLANG_WARN_SUSPICIOUS_MOVE = YES;
				CLANG_WARN_UNGUARDED_AVAILABILITY = YES_AGGRESSIVE;
				CLANG_WARN_UNREACHABLE_CODE = YES;
				CLANG_WARN__DUPLICATE_METHOD_MATCH = YES;
				COPY_PHASE_STRIP = NO;
				DEBUG_INFORMATION_FORMAT = "dwarf-with-dsym";
				ENABLE_NS_ASSERTIONS = NO;
				ENABLE_STRICT_OBJC_MSGSEND = YES;
				ENABLE_USER_SCRIPT_SANDBOXING = YES;
				GCC_C_LANGUAGE_STANDARD = gnu17;
				GCC_NO_COMMON_BLOCKS = YES;
				GCC_WARN_64_TO_32_BIT_CONVERSION = YES;
				GCC_WARN_ABOUT_RETURN_TYPE = YES_ERROR;
				GCC_WARN_UNDECLARED_SELECTOR = YES;
				GCC_WARN_UNINITIALIZED_AUTOS = YES_AGGRESSIVE;
				GCC_WARN_UNUSED_FUNCTION = YES;
				GCC_WARN_UNUSED_VARIABLE = YES;
				IPHONEOS_DEPLOYMENT_TARGET = 17.5;
				LOCALIZATION_PREFERS_STRING_CATALOGS = YES;
				MTL_ENABLE_DEBUG_INFO = NO;
				MTL_FAST_MATH = YES;
				SDKROOT = iphoneos;
				SWIFT_COMPILATION_MODE = wholemodule;
				VALIDATE_PRODUCT = YES;
			};
			name = Release;
		};
		A51E8E2C2C0A838800840C83 /* Debug */ = {
			isa = XCBuildConfiguration;
			buildSettings = {
				ASSETCATALOG_COMPILER_APPICON_NAME = AppIcon;
				ASSETCATALOG_COMPILER_GLOBAL_ACCENT_COLOR_NAME = AccentColor;
				CODE_SIGN_STYLE = Automatic;
				CURRENT_PROJECT_VERSION = 1;
				DEVELOPMENT_TEAM = 45XHL54QD5;
				GENERATE_INFOPLIST_FILE = YES;
				INFOPLIST_FILE = CostTrackerTestTask/Info.plist;
				INFOPLIST_KEY_UIApplicationSupportsIndirectInputEvents = YES;
				INFOPLIST_KEY_UILaunchStoryboardName = LaunchScreen;
				INFOPLIST_KEY_UISupportedInterfaceOrientations_iPad = "UIInterfaceOrientationPortrait UIInterfaceOrientationPortraitUpsideDown UIInterfaceOrientationLandscapeLeft UIInterfaceOrientationLandscapeRight";
				INFOPLIST_KEY_UISupportedInterfaceOrientations_iPhone = "UIInterfaceOrientationPortrait UIInterfaceOrientationLandscapeLeft UIInterfaceOrientationLandscapeRight";
				LD_RUNPATH_SEARCH_PATHS = (
					"$(inherited)",
					"@executable_path/Frameworks",
				);
				MARKETING_VERSION = 1.0;
				PRODUCT_BUNDLE_IDENTIFIER = ua.edu.ukma.kucherenko.CostTrackerTestTask;
				PRODUCT_NAME = "$(TARGET_NAME)";
				SWIFT_EMIT_LOC_STRINGS = YES;
				SWIFT_VERSION = 5.0;
				TARGETED_DEVICE_FAMILY = "1,2";
			};
			name = Debug;
		};
		A51E8E2D2C0A838800840C83 /* Release */ = {
			isa = XCBuildConfiguration;
			buildSettings = {
				ASSETCATALOG_COMPILER_APPICON_NAME = AppIcon;
				ASSETCATALOG_COMPILER_GLOBAL_ACCENT_COLOR_NAME = AccentColor;
				CODE_SIGN_STYLE = Automatic;
				CURRENT_PROJECT_VERSION = 1;
				DEVELOPMENT_TEAM = 45XHL54QD5;
				GENERATE_INFOPLIST_FILE = YES;
				INFOPLIST_FILE = CostTrackerTestTask/Info.plist;
				INFOPLIST_KEY_UIApplicationSupportsIndirectInputEvents = YES;
				INFOPLIST_KEY_UILaunchStoryboardName = LaunchScreen;
				INFOPLIST_KEY_UISupportedInterfaceOrientations_iPad = "UIInterfaceOrientationPortrait UIInterfaceOrientationPortraitUpsideDown UIInterfaceOrientationLandscapeLeft UIInterfaceOrientationLandscapeRight";
				INFOPLIST_KEY_UISupportedInterfaceOrientations_iPhone = "UIInterfaceOrientationPortrait UIInterfaceOrientationLandscapeLeft UIInterfaceOrientationLandscapeRight";
				LD_RUNPATH_SEARCH_PATHS = (
					"$(inherited)",
					"@executable_path/Frameworks",
				);
				MARKETING_VERSION = 1.0;
				PRODUCT_BUNDLE_IDENTIFIER = ua.edu.ukma.kucherenko.CostTrackerTestTask;
				PRODUCT_NAME = "$(TARGET_NAME)";
				SWIFT_EMIT_LOC_STRINGS = YES;
				SWIFT_VERSION = 5.0;
				TARGETED_DEVICE_FAMILY = "1,2";
			};
			name = Release;
		};
/* End XCBuildConfiguration section */

/* Begin XCConfigurationList section */
		A51E8E0F2C0A838700840C83 /* Build configuration list for PBXProject "CostTrackerTestTask" */ = {
			isa = XCConfigurationList;
			buildConfigurations = (
				A51E8E292C0A838800840C83 /* Debug */,
				A51E8E2A2C0A838800840C83 /* Release */,
			);
			defaultConfigurationIsVisible = 0;
			defaultConfigurationName = Release;
		};
		A51E8E2B2C0A838800840C83 /* Build configuration list for PBXNativeTarget "CostTrackerTestTask" */ = {
			isa = XCConfigurationList;
			buildConfigurations = (
				A51E8E2C2C0A838800840C83 /* Debug */,
				A51E8E2D2C0A838800840C83 /* Release */,
			);
			defaultConfigurationIsVisible = 0;
			defaultConfigurationName = Release;
		};
/* End XCConfigurationList section */

/* Begin XCVersionGroup section */
		A51E8E202C0A838700840C83 /* CostTrackerTestTask.xcdatamodeld */ = {
			isa = XCVersionGroup;
			children = (
				A51E8E212C0A838700840C83 /* CostTrackerTestTask.xcdatamodel */,
			);
			currentVersion = A51E8E212C0A838700840C83 /* CostTrackerTestTask.xcdatamodel */;
			path = CostTrackerTestTask.xcdatamodeld;
			sourceTree = "<group>";
			versionGroupType = wrapper.xcdatamodel;
		};
/* End XCVersionGroup section */
	};
	rootObject = A51E8E0C2C0A838700840C83 /* Project object */;
}
